
Microsoft Visual Studio Solution File, Format Version 12.00
# Visual Studio 15
VisualStudioVersion = 15.0.27703.2026
MinimumVisualStudioVersion = 10.0.40219.1
Project("{FAE04EC0-301F-11D3-BF4B-00C04F79EFBC}") = "Ken Burns Slideshow", "Ken Burns Slideshow.csproj", "{9E3F1581-E7AC-4FE9-86D0-F0B0379EDE5C}"
EndProject
Global
	GlobalSection(SolutionConfigurationPlatforms) = preSolution
		Debug|Any CPU = Debug|Any CPU
		Release|Any CPU = Release|Any CPU
	EndGlobalSection
	GlobalSection(ProjectConfigurationPlatforms) = postSolution
		{9E3F1581-E7AC-4FE9-86D0-F0B0379EDE5C}.Debug|Any CPU.ActiveCfg = Debug|Any CPU
		{9E3F1581-E7AC-4FE9-86D0-F0B0379EDE5C}.Debug|Any CPU.Build.0 = Debug|Any CPU
		{9E3F1581-E7AC-4FE9-86D0-F0B0379EDE5C}.Release|Any CPU.ActiveCfg = Release|Any CPU
		{9E3F1581-E7AC-4FE9-86D0-F0B0379EDE5C}.Release|Any CPU.Build.0 = Release|Any CPU
	EndGlobalSection
	GlobalSection(SolutionProperties) = preSolution
		HideSolutionNode = FALSE
	EndGlobalSection
	GlobalSection(ExtensibilityGlobals) = postSolution
		SolutionGuid = {959C012D-45CB-40BA-ADB2-0AE704A96A87}
	EndGlobalSection
EndGlobal
